
Microsoft Visual Studio Solution File, Format Version 12.00
# Visual Studio Version 17
VisualStudioVersion = 17.1.32407.343
MinimumVisualStudioVersion = 10.0.40219.1
Project("{9A19103F-16F7-4668-BE54-9A1E7A4F7556}") = "HH.Downloader", "HH.Downloader\HH.Downloader.csproj", "{E78DA905-622F-463D-971D-C207FDED2451}"
EndProject
Project("{9A19103F-16F7-4668-BE54-9A1E7A4F7556}") = "HH.Net", "HH.Net\HH.Net.csproj", "{D1E30739-DFBD-49FD-9F95-6EEB65D4DF37}"
EndProject
Project("{9A19103F-16F7-4668-BE54-9A1E7A4F7556}") = "HH.Tools", "HH.Tools\HH.Tools.csproj", "{7D0E4F2C-CDD9-4F2D-9619-28C75B8CE2EB}"
EndProject
Project("{9A19103F-16F7-4668-BE54-9A1E7A4F7556}") = "HH.DB", "HH.DB\HH.DB.csproj", "{B3D6A0DA-E1AA-404C-8871-8FE9B8463EC9}"
EndProject
Project("{FAE04EC0-301F-11D3-BF4B-00C04F79EFBC}") = "HH.Settings", "HH.Settings\HH.Settings.csproj", "{DF505E95-E286-4BCA-B320-79E4D6F48485}"
EndProject
Global
	GlobalSection(SolutionConfigurationPlatforms) = preSolution
		Debug|Any CPU = Debug|Any CPU
		Release|Any CPU = Release|Any CPU
	EndGlobalSection
	GlobalSection(ProjectConfigurationPlatforms) = postSolution
		{E78DA905-622F-463D-971D-C207FDED2451}.Debug|Any CPU.ActiveCfg = Debug|Any CPU
		{E78DA905-622F-463D-971D-C207FDED2451}.Debug|Any CPU.Build.0 = Debug|Any CPU
		{E78DA905-622F-463D-971D-C207FDED2451}.Release|Any CPU.ActiveCfg = Release|Any CPU
		{E78DA905-622F-463D-971D-C207FDED2451}.Release|Any CPU.Build.0 = Release|Any CPU
		{D1E30739-DFBD-49FD-9F95-6EEB65D4DF37}.Debug|Any CPU.ActiveCfg = Debug|Any CPU
		{D1E30739-DFBD-49FD-9F95-6EEB65D4DF37}.Debug|Any CPU.Build.0 = Debug|Any CPU
		{D1E30739-DFBD-49FD-9F95-6EEB65D4DF37}.Release|Any CPU.ActiveCfg = Release|Any CPU
		{D1E30739-DFBD-49FD-9F95-6EEB65D4DF37}.Release|Any CPU.Build.0 = Release|Any CPU
		{7D0E4F2C-CDD9-4F2D-9619-28C75B8CE2EB}.Debug|Any CPU.ActiveCfg = Debug|Any CPU
		{7D0E4F2C-CDD9-4F2D-9619-28C75B8CE2EB}.Debug|Any CPU.Build.0 = Debug|Any CPU
		{7D0E4F2C-CDD9-4F2D-9619-28C75B8CE2EB}.Release|Any CPU.ActiveCfg = Release|Any CPU
		{7D0E4F2C-CDD9-4F2D-9619-28C75B8CE2EB}.Release|Any CPU.Build.0 = Release|Any CPU
		{B3D6A0DA-E1AA-404C-8871-8FE9B8463EC9}.Debug|Any CPU.ActiveCfg = Debug|Any CPU
		{B3D6A0DA-E1AA-404C-8871-8FE9B8463EC9}.Debug|Any CPU.Build.0 = Debug|Any CPU
		{B3D6A0DA-E1AA-404C-8871-8FE9B8463EC9}.Release|Any CPU.ActiveCfg = Release|Any CPU
		{B3D6A0DA-E1AA-404C-8871-8FE9B8463EC9}.Release|Any CPU.Build.0 = Release|Any CPU
		{DF505E95-E286-4BCA-B320-79E4D6F48485}.Debug|Any CPU.ActiveCfg = Debug|Any CPU
		{DF505E95-E286-4BCA-B320-79E4D6F48485}.Debug|Any CPU.Build.0 = Debug|Any CPU
		{DF505E95-E286-4BCA-B320-79E4D6F48485}.Release|Any CPU.ActiveCfg = Release|Any CPU
		{DF505E95-E286-4BCA-B320-79E4D6F48485}.Release|Any CPU.Build.0 = Release|Any CPU
	EndGlobalSection
	GlobalSection(SolutionProperties) = preSolution
		HideSolutionNode = FALSE
	EndGlobalSection
	GlobalSection(ExtensibilityGlobals) = postSolution
		SolutionGuid = {52DBFA9C-9D33-4D33-B782-EFC490293897}
	EndGlobalSection
EndGlobal
